{"1.1.0",
[{<<"druuid">>,
  {git,"https://github.com/basho/druuid.git",
       {ref,"b3c5c2a52bb3f510d168b32e64f6fbc6a3c6a0e6"}},
  0},
 {<<"gen_fsm_compat">>,{pkg,<<"gen_fsm_compat">>,<<"0.3.0">>},0},
 {<<"getopt">>,{pkg,<<"getopt">>,<<"1.0.1">>},0},
 {<<"goldrush">>,{pkg,<<"goldrush">>,<<"0.1.9">>},1},
 {<<"hamcrest">>,{pkg,<<"basho_hamcrest">>,<<"0.4.1">>},2},
 {<<"ibrowse">>,
  {git,"https://github.com/basho/ibrowse.git",
       {ref,"b28542d1e326ba44bcfaf7fd6d3c7f8761d20f08"}},
  1},
 {<<"kvc">>,
  {git,"https://github.com/basho/kvc.git",
       {ref,"5565fe51857747662410cc3c06362ebcf48a2f04"}},
  0},
 {<<"lager">>,{pkg,<<"lager">>,<<"3.4.2">>},0},
 {<<"mapred_verify">>,
  {git,"https://github.com/basho/mapred_verify",
       {ref,"51b79c5b05eb04640e13131f06ef96561b96ba8e"}},
  0},
 {<<"meck">>,{pkg,<<"meck">>,<<"0.8.2">>},0},
 {<<"mochiweb">>,
  {git,"git://github.com/basho/mochiweb.git",
       {ref,"4d3882181d0e0e507a05115782a2b091a1db2be4"}},
  2},
 {<<"riak_pb">>,{pkg,<<"riak_pb">>,<<"2.3.2">>},1},
 {<<"riakc">>,{pkg,<<"riakc">>,<<"2.5.3">>},0},
 {<<"riakhttpc">>,
  {git,"https://github.com/basho/riak-erlang-http-client",
       {ref,"2d4e58371e4d982bee1e0ad804b1403b1333573c"}},
  0},
 {<<"tdiff">>,{pkg,<<"tdiff">>,<<"0.1.2">>},0},
 {<<"webmachine">>,
  {git,"https://github.com/basho/webmachine",
       {ref,"77789b7cbb01cac4c7936578acc55245570d5afe"}},
  1}]}.
[
{pkg_hash,[
 {<<"gen_fsm_compat">>, <<"5903549F67D595F58A7101154CBE0FDD46955FBFBE40813F1E53C23A970FF5F4">>},
 {<<"getopt">>, <<"C73A9FA687B217F2FF79F68A3B637711BB1936E712B521D8CE466B29CBF7808A">>},
 {<<"goldrush">>, <<"F06E5D5F1277DA5C413E84D5A2924174182FB108DABB39D5EC548B27424CD106">>},
 {<<"hamcrest">>, <<"FB7B2C92D252A1E9DB936750B86089ADDAEBEB8F87967FB4BBDDA61E8863338E">>},
 {<<"lager">>, <<"150B9A17B23AE6D3265CC10DC360747621CF217B7A22B8CDDF03B2909DBF7AA5">>},
 {<<"meck">>, <<"F15F7D513E14EC8C8DEE9A95D4AE585B3E5A88BF0FA6A7573240D6DDB58A7236">>},
 {<<"riak_pb">>, <<"48FFBF66DBB3F136AB9A7134BAC4E496754BAA5EF58C4F50A61326736D996390">>},
 {<<"riakc">>, <<"6132D9E687A0DFD314B2B24C4594302CA8B55568A5D733C491D8FB6CD4004763">>},
 {<<"tdiff">>, <<"4E1B30321F1B3D600DF65CD60858EDE1235FE4E5EE042110AB5AD90CD6464AC5">>}]}
].
