[{<<"druuid">>,
  {git,"https://github.com/basho/druuid.git",
       {ref,"b3c5c2a52bb3f510d168b32e64f6fbc6a3c6a0e6"}},
  0},
 {<<"getopt">>,
  {git,"https://github.com/basho/getopt.git",
       {ref,"388dc95caa7fb97ec7db8cfc39246a36aba61bd8"}},
  0},
 {<<"goldrush">>,
  {git,"https://github.com/basho/goldrush.git",
       {ref,"8f1b715d36b650ec1e1f5612c00e28af6ab0de82"}},
  1},
 {<<"hamcrest">>,
  {git,"https://github.com/basho/hamcrest-erlang.git",
       {ref,"ad3dbab419762fc2d5821abb88b989da006b85c6"}},
  2},
 {<<"ibrowse">>,
  {git,"https://github.com/basho/ibrowse.git",
       {ref,"b28542d1e326ba44bcfaf7fd6d3c7f8761d20f08"}},
  1},
 {<<"kvc">>,
  {git,"https://github.com/basho/kvc.git",
       {ref,"5565fe51857747662410cc3c06362ebcf48a2f04"}},
  0},
 {<<"lager">>,
  {git,"https://github.com/basho/lager",
       {ref,"81eaef0ce98fdbf64ab95665e3bc2ec4b24c7dac"}},
  0},
 {<<"mapred_verify">>,
  {git,"https://github.com/basho/mapred_verify",
       {ref,"51b79c5b05eb04640e13131f06ef96561b96ba8e"}},
  0},
 {<<"meck">>,
  {git,"https://github.com/basho/meck.git",
       {ref,"dde759050eff19a1a80fd854d7375174b191665d"}},
  0},
 {<<"mochiweb">>,
  {git,"git://github.com/basho/mochiweb.git",
       {ref,"4d3882181d0e0e507a05115782a2b091a1db2be4"}},
  2},
 {<<"riak_pb">>,
  {git,"https://github.com/basho/riak_pb",
       {ref,"08771aba2ce4935b715d32d1b92555efdc3da994"}},
  1},
 {<<"riakc">>,
  {git,"https://github.com/basho/riak-erlang-client",
       {ref,"e4efcb7efd6ded616c5f1d7bae5ca36f9dee6bc2"}},
  0},
 {<<"riakhttpc">>,
  {git,"https://github.com/basho/riak-erlang-http-client",
       {ref,"2d4e58371e4d982bee1e0ad804b1403b1333573c"}},
  0},
 {<<"tdiff">>,
  {git,"https://github.com/basho/tdiff",
       {ref,"bbb54ce20df388f2c7d01e8df30ef471ca98d0fb"}},
  0},
 {<<"webmachine">>,
  {git,"https://github.com/basho/webmachine",
       {ref,"77789b7cbb01cac4c7936578acc55245570d5afe"}},
  1}].
